
Microsoft Visual Studio Solution File, Format Version 12.00
# Visual Studio Version 16
VisualStudioVersion = 16.0.30320.27
MinimumVisualStudioVersion = 10.0.40219.1
Project("{8BC9CEB8-8B4A-11D0-8D11-00A0C91BC942}") = "MainProject", "Project1\Project1.vcxproj", "{3227754E-D197-47E0-A193-B146C256C96B}"
EndProject
Project("{8BC9CEB8-8B4A-11D0-8D11-00A0C91BC942}") = "Test01Project", "Test01Project\Test01Project.vcxproj", "{4F8A91EC-F52B-43E7-94D3-5198E9FEE7BA}"
EndProject
Project("{8BC9CEB8-8B4A-11D0-8D11-00A0C91BC942}") = "ADS_Project", "ADS_Project\ADS_Project.vcxproj", "{7038C4FD-43DD-45BB-81AA-31C0448BAA24}"
EndProject
Project("{8BC9CEB8-8B4A-11D0-8D11-00A0C91BC942}") = "pointProject", "pointProject\pointProject.vcxproj", "{0D8F12EC-F7CC-4B7A-80D8-174C1306880E}"
EndProject
Global
	GlobalSection(SolutionConfigurationPlatforms) = preSolution
		Debug|x64 = Debug|x64
		Debug|x86 = Debug|x86
		Release|x64 = Release|x64
		Release|x86 = Release|x86
	EndGlobalSection
	GlobalSection(ProjectConfigurationPlatforms) = postSolution
		{3227754E-D197-47E0-A193-B146C256C96B}.Debug|x64.ActiveCfg = Debug|x64
		{3227754E-D197-47E0-A193-B146C256C96B}.Debug|x64.Build.0 = Debug|x64
		{3227754E-D197-47E0-A193-B146C256C96B}.Debug|x86.ActiveCfg = Debug|Win32
		{3227754E-D197-47E0-A193-B146C256C96B}.Debug|x86.Build.0 = Debug|Win32
		{3227754E-D197-47E0-A193-B146C256C96B}.Release|x64.ActiveCfg = Release|x64
		{3227754E-D197-47E0-A193-B146C256C96B}.Release|x64.Build.0 = Release|x64
		{3227754E-D197-47E0-A193-B146C256C96B}.Release|x86.ActiveCfg = Release|Win32
		{3227754E-D197-47E0-A193-B146C256C96B}.Release|x86.Build.0 = Release|Win32
		{4F8A91EC-F52B-43E7-94D3-5198E9FEE7BA}.Debug|x64.ActiveCfg = Debug|x64
		{4F8A91EC-F52B-43E7-94D3-5198E9FEE7BA}.Debug|x64.Build.0 = Debug|x64
		{4F8A91EC-F52B-43E7-94D3-5198E9FEE7BA}.Debug|x86.ActiveCfg = Debug|Win32
		{4F8A91EC-F52B-43E7-94D3-5198E9FEE7BA}.Debug|x86.Build.0 = Debug|Win32
		{4F8A91EC-F52B-43E7-94D3-5198E9FEE7BA}.Release|x64.ActiveCfg = Release|x64
		{4F8A91EC-F52B-43E7-94D3-5198E9FEE7BA}.Release|x64.Build.0 = Release|x64
		{4F8A91EC-F52B-43E7-94D3-5198E9FEE7BA}.Release|x86.ActiveCfg = Release|Win32
		{4F8A91EC-F52B-43E7-94D3-5198E9FEE7BA}.Release|x86.Build.0 = Release|Win32
		{7038C4FD-43DD-45BB-81AA-31C0448BAA24}.Debug|x64.ActiveCfg = Debug|x64
		{7038C4FD-43DD-45BB-81AA-31C0448BAA24}.Debug|x64.Build.0 = Debug|x64
		{7038C4FD-43DD-45BB-81AA-31C0448BAA24}.Debug|x86.ActiveCfg = Debug|Win32
		{7038C4FD-43DD-45BB-81AA-31C0448BAA24}.Debug|x86.Build.0 = Debug|Win32
		{7038C4FD-43DD-45BB-81AA-31C0448BAA24}.Release|x64.ActiveCfg = Release|x64
		{7038C4FD-43DD-45BB-81AA-31C0448BAA24}.Release|x64.Build.0 = Release|x64
		{7038C4FD-43DD-45BB-81AA-31C0448BAA24}.Release|x86.ActiveCfg = Release|Win32
		{7038C4FD-43DD-45BB-81AA-31C0448BAA24}.Release|x86.Build.0 = Release|Win32
		{0D8F12EC-F7CC-4B7A-80D8-174C1306880E}.Debug|x64.ActiveCfg = Debug|x64
		{0D8F12EC-F7CC-4B7A-80D8-174C1306880E}.Debug|x64.Build.0 = Debug|x64
		{0D8F12EC-F7CC-4B7A-80D8-174C1306880E}.Debug|x86.ActiveCfg = Debug|Win32
		{0D8F12EC-F7CC-4B7A-80D8-174C1306880E}.Debug|x86.Build.0 = Debug|Win32
		{0D8F12EC-F7CC-4B7A-80D8-174C1306880E}.Release|x64.ActiveCfg = Release|x64
		{0D8F12EC-F7CC-4B7A-80D8-174C1306880E}.Release|x64.Build.0 = Release|x64
		{0D8F12EC-F7CC-4B7A-80D8-174C1306880E}.Release|x86.ActiveCfg = Release|Win32
		{0D8F12EC-F7CC-4B7A-80D8-174C1306880E}.Release|x86.Build.0 = Release|Win32
	EndGlobalSection
	GlobalSection(SolutionProperties) = preSolution
		HideSolutionNode = FALSE
	EndGlobalSection
	GlobalSection(ExtensibilityGlobals) = postSolution
		SolutionGuid = {9CD33424-4EF5-4A32-AC01-6548D5B12B29}
	EndGlobalSection
EndGlobal
